
Microsoft Visual Studio Solution File, Format Version 12.00
# Visual Studio Version 16
VisualStudioVersion = 16.0.30804.86
MinimumVisualStudioVersion = 10.0.40219.1
Project("{FAE04EC0-301F-11D3-BF4B-00C04F79EFBC}") = "wpfgfx", "wpfgfx\wpfgfx.csproj", "{9188D99C-D3FB-443F-85A4-BC833D484E66}"
EndProject
Global
	GlobalSection(SolutionConfigurationPlatforms) = preSolution
		Debug|Any CPU = Debug|Any CPU
		Release|Any CPU = Release|Any CPU
	EndGlobalSection
	GlobalSection(ProjectConfigurationPlatforms) = postSolution
		{9188D99C-D3FB-443F-85A4-BC833D484E66}.Debug|Any CPU.ActiveCfg = Debug|Any CPU
		{9188D99C-D3FB-443F-85A4-BC833D484E66}.Debug|Any CPU.Build.0 = Debug|Any CPU
		{9188D99C-D3FB-443F-85A4-BC833D484E66}.Release|Any CPU.ActiveCfg = Release|Any CPU
		{9188D99C-D3FB-443F-85A4-BC833D484E66}.Release|Any CPU.Build.0 = Release|Any CPU
	EndGlobalSection
	GlobalSection(SolutionProperties) = preSolution
		HideSolutionNode = FALSE
	EndGlobalSection
	GlobalSection(ExtensibilityGlobals) = postSolution
		SolutionGuid = {7A824F50-66DA-4C50-A385-04236CD8F6AE}
	EndGlobalSection
EndGlobal
